
Microsoft Visual Studio Solution File, Format Version 12.00
# Visual Studio Version 17
VisualStudioVersion = 17.0.31903.59
MinimumVisualStudioVersion = 10.0.40219.1
Project("{2150E333-8FDC-42A3-9474-1A3956D46DE8}") = "src", "src", "{3255D43A-C64B-4E32-8997-C375CEC7D477}"
EndProject
Project("{FAE04EC0-301F-11D3-BF4B-00C04F79EFBC}") = "SabemiTec.Api", "src\SabemiTec.Api\SabemiTec.Api.csproj", "{C6F8A4B2-39C2-43AB-B10C-66FD98FD24AF}"
EndProject
Project("{2150E333-8FDC-42A3-9474-1A3956D46DE8}") = "tests", "tests", "{76BF7994-3EA0-4393-A10D-DA17B08781C9}"
EndProject
Project("{FAE04EC0-301F-11D3-BF4B-00C04F79EFBC}") = "SabemiTec.Tests", "tests\SabemiTec.Tests\SabemiTec.Tests.csproj", "{694212E0-7CA4-4EFE-AC01-DEE16C5AAA15}"
EndProject
Project("{FAE04EC0-301F-11D3-BF4B-00C04F79EFBC}") = "SabemiTec.LoadSimulator", "src\SabemiTec.LoadSimulator\SabemiTec.LoadSimulator.csproj", "{9DA598B2-7837-41F8-AD2A-342582F48BA3}"
EndProject
Global
	GlobalSection(SolutionConfigurationPlatforms) = preSolution
		Debug|Any CPU = Debug|Any CPU
		Release|Any CPU = Release|Any CPU
	EndGlobalSection
	GlobalSection(SolutionProperties) = preSolution
		HideSolutionNode = FALSE
	EndGlobalSection
	GlobalSection(ProjectConfigurationPlatforms) = postSolution
		{C6F8A4B2-39C2-43AB-B10C-66FD98FD24AF}.Debug|Any CPU.ActiveCfg = Debug|Any CPU
		{C6F8A4B2-39C2-43AB-B10C-66FD98FD24AF}.Debug|Any CPU.Build.0 = Debug|Any CPU
		{C6F8A4B2-39C2-43AB-B10C-66FD98FD24AF}.Release|Any CPU.ActiveCfg = Release|Any CPU
		{C6F8A4B2-39C2-43AB-B10C-66FD98FD24AF}.Release|Any CPU.Build.0 = Release|Any CPU
		{694212E0-7CA4-4EFE-AC01-DEE16C5AAA15}.Debug|Any CPU.ActiveCfg = Debug|Any CPU
		{694212E0-7CA4-4EFE-AC01-DEE16C5AAA15}.Debug|Any CPU.Build.0 = Debug|Any CPU
		{694212E0-7CA4-4EFE-AC01-DEE16C5AAA15}.Release|Any CPU.ActiveCfg = Release|Any CPU
		{694212E0-7CA4-4EFE-AC01-DEE16C5AAA15}.Release|Any CPU.Build.0 = Release|Any CPU
		{9DA598B2-7837-41F8-AD2A-342582F48BA3}.Debug|Any CPU.ActiveCfg = Debug|Any CPU
		{9DA598B2-7837-41F8-AD2A-342582F48BA3}.Debug|Any CPU.Build.0 = Debug|Any CPU
		{9DA598B2-7837-41F8-AD2A-342582F48BA3}.Release|Any CPU.ActiveCfg = Release|Any CPU
		{9DA598B2-7837-41F8-AD2A-342582F48BA3}.Release|Any CPU.Build.0 = Release|Any CPU
	EndGlobalSection
	GlobalSection(NestedProjects) = preSolution
		{C6F8A4B2-39C2-43AB-B10C-66FD98FD24AF} = {3255D43A-C64B-4E32-8997-C375CEC7D477}
		{694212E0-7CA4-4EFE-AC01-DEE16C5AAA15} = {76BF7994-3EA0-4393-A10D-DA17B08781C9}
		{9DA598B2-7837-41F8-AD2A-342582F48BA3} = {3255D43A-C64B-4E32-8997-C375CEC7D477}
	EndGlobalSection
EndGlobal
